
Microsoft Visual Studio Solution File, Format Version 12.00
# Visual Studio Version 17
VisualStudioVersion = 17.11.35222.181
MinimumVisualStudioVersion = 10.0.40219.1
Project("{FAE04EC0-301F-11D3-BF4B-00C04F79EFBC}") = "lab9", "lab9\lab9.csproj", "{3C2E6A14-02B6-428F-97C5-7B847FEE58DF}"
EndProject
Project("{FAE04EC0-301F-11D3-BF4B-00C04F79EFBC}") = "Universal", "Universal\Universal.csproj", "{15110BF0-B891-4B96-83A7-205723DC77C5}"
EndProject
Project("{FAE04EC0-301F-11D3-BF4B-00C04F79EFBC}") = "Observable", "Observable\Observable.csproj", "{38A3564C-11C8-4821-9703-54C56D254FA0}"
EndProject
Global
	GlobalSection(SolutionConfigurationPlatforms) = preSolution
		Debug|Any CPU = Debug|Any CPU
		Release|Any CPU = Release|Any CPU
	EndGlobalSection
	GlobalSection(ProjectConfigurationPlatforms) = postSolution
		{3C2E6A14-02B6-428F-97C5-7B847FEE58DF}.Debug|Any CPU.ActiveCfg = Debug|Any CPU
		{3C2E6A14-02B6-428F-97C5-7B847FEE58DF}.Debug|Any CPU.Build.0 = Debug|Any CPU
		{3C2E6A14-02B6-428F-97C5-7B847FEE58DF}.Release|Any CPU.ActiveCfg = Release|Any CPU
		{3C2E6A14-02B6-428F-97C5-7B847FEE58DF}.Release|Any CPU.Build.0 = Release|Any CPU
		{15110BF0-B891-4B96-83A7-205723DC77C5}.Debug|Any CPU.ActiveCfg = Debug|Any CPU
		{15110BF0-B891-4B96-83A7-205723DC77C5}.Debug|Any CPU.Build.0 = Debug|Any CPU
		{15110BF0-B891-4B96-83A7-205723DC77C5}.Release|Any CPU.ActiveCfg = Release|Any CPU
		{15110BF0-B891-4B96-83A7-205723DC77C5}.Release|Any CPU.Build.0 = Release|Any CPU
		{38A3564C-11C8-4821-9703-54C56D254FA0}.Debug|Any CPU.ActiveCfg = Debug|Any CPU
		{38A3564C-11C8-4821-9703-54C56D254FA0}.Debug|Any CPU.Build.0 = Debug|Any CPU
		{38A3564C-11C8-4821-9703-54C56D254FA0}.Release|Any CPU.ActiveCfg = Release|Any CPU
		{38A3564C-11C8-4821-9703-54C56D254FA0}.Release|Any CPU.Build.0 = Release|Any CPU
	EndGlobalSection
	GlobalSection(SolutionProperties) = preSolution
		HideSolutionNode = FALSE
	EndGlobalSection
	GlobalSection(ExtensibilityGlobals) = postSolution
		SolutionGuid = {7FDD9BE4-3BCA-4F06-8983-0F5DDBE354B8}
	EndGlobalSection
EndGlobal
