
Microsoft Visual Studio Solution File, Format Version 12.00
# Visual Studio Version 17
VisualStudioVersion = 17.11.35222.181
MinimumVisualStudioVersion = 10.0.40219.1
Project("{FAE04EC0-301F-11D3-BF4B-00C04F79EFBC}") = "lab12", "lab12\lab12.csproj", "{CDFF9FFC-2958-4A2C-935A-E78AE2F801F2}"
EndProject
Global
	GlobalSection(SolutionConfigurationPlatforms) = preSolution
		Debug|Any CPU = Debug|Any CPU
		Release|Any CPU = Release|Any CPU
	EndGlobalSection
	GlobalSection(ProjectConfigurationPlatforms) = postSolution
		{CDFF9FFC-2958-4A2C-935A-E78AE2F801F2}.Debug|Any CPU.ActiveCfg = Debug|Any CPU
		{CDFF9FFC-2958-4A2C-935A-E78AE2F801F2}.Debug|Any CPU.Build.0 = Debug|Any CPU
		{CDFF9FFC-2958-4A2C-935A-E78AE2F801F2}.Release|Any CPU.ActiveCfg = Release|Any CPU
		{CDFF9FFC-2958-4A2C-935A-E78AE2F801F2}.Release|Any CPU.Build.0 = Release|Any CPU
	EndGlobalSection
	GlobalSection(SolutionProperties) = preSolution
		HideSolutionNode = FALSE
	EndGlobalSection
	GlobalSection(ExtensibilityGlobals) = postSolution
		SolutionGuid = {B5509C1B-FB1C-423E-8916-B6AAE675AF4C}
	EndGlobalSection
EndGlobal
